{
  "name": "tests",
  "version": "0.0.1",
  "lockfileVersion": 1,
  "requires": true,
  "dependencies": {
    "unity-3rdparty-sqlite": {
      "version": "github:shadowmint/unity-3rdparty-sqlite#d2ff96db316fe3b5e55f51818e5b6e1e367ad68e"
    },
    "unity-3rdparty-sqlite-net": {
      "version": "file:..",
      "requires": {
        "unity-3rdparty-sqlite": "github:shadowmint/unity-3rdparty-sqlite#d2ff96db316fe3b5e55f51818e5b6e1e367ad68e"
      }
    }
  }
}
